
Microsoft Visual Studio Solution File, Format Version 12.00
# Visual Studio Version 16
VisualStudioVersion = 16.0.31702.278
MinimumVisualStudioVersion = 10.0.40219.1
Project("{FAE04EC0-301F-11D3-BF4B-00C04F79EFBC}") = "ECED-FORMS", "ECED-FORMS.csproj", "{02C7F619-B4C2-4F1D-AACD-DE25007245C3}"
EndProject
Project("{FAE04EC0-301F-11D3-BF4B-00C04F79EFBC}") = "BALProject", "BALProject\BALProject.csproj", "{FCFCD57F-D7DA-4678-A565-58CCA4449738}"
EndProject
Project("{FAE04EC0-301F-11D3-BF4B-00C04F79EFBC}") = "DALProject", "DALProject\DALProject.csproj", "{A89ADF35-5DF6-470A-A718-180B621203E0}"
EndProject
Global
	GlobalSection(SolutionConfigurationPlatforms) = preSolution
		Debug|Any CPU = Debug|Any CPU
		Release|Any CPU = Release|Any CPU
	EndGlobalSection
	GlobalSection(ProjectConfigurationPlatforms) = postSolution
		{02C7F619-B4C2-4F1D-AACD-DE25007245C3}.Debug|Any CPU.ActiveCfg = Debug|Any CPU
		{02C7F619-B4C2-4F1D-AACD-DE25007245C3}.Debug|Any CPU.Build.0 = Debug|Any CPU
		{02C7F619-B4C2-4F1D-AACD-DE25007245C3}.Release|Any CPU.ActiveCfg = Release|Any CPU
		{02C7F619-B4C2-4F1D-AACD-DE25007245C3}.Release|Any CPU.Build.0 = Release|Any CPU
		{FCFCD57F-D7DA-4678-A565-58CCA4449738}.Debug|Any CPU.ActiveCfg = Debug|Any CPU
		{FCFCD57F-D7DA-4678-A565-58CCA4449738}.Debug|Any CPU.Build.0 = Debug|Any CPU
		{FCFCD57F-D7DA-4678-A565-58CCA4449738}.Release|Any CPU.ActiveCfg = Release|Any CPU
		{FCFCD57F-D7DA-4678-A565-58CCA4449738}.Release|Any CPU.Build.0 = Release|Any CPU
		{A89ADF35-5DF6-470A-A718-180B621203E0}.Debug|Any CPU.ActiveCfg = Debug|Any CPU
		{A89ADF35-5DF6-470A-A718-180B621203E0}.Debug|Any CPU.Build.0 = Debug|Any CPU
		{A89ADF35-5DF6-470A-A718-180B621203E0}.Release|Any CPU.ActiveCfg = Release|Any CPU
		{A89ADF35-5DF6-470A-A718-180B621203E0}.Release|Any CPU.Build.0 = Release|Any CPU
	EndGlobalSection
	GlobalSection(SolutionProperties) = preSolution
		HideSolutionNode = FALSE
	EndGlobalSection
	GlobalSection(ExtensibilityGlobals) = postSolution
		SolutionGuid = {BECEDF52-02AB-41DA-B22F-DF13F310B883}
	EndGlobalSection
EndGlobal
